{
  "version": 4,
  "terraform_version": "1.1.3",
  "serial": 260,
  "lineage": "bbdccc38-d62d-718e-ff2f-924e176a833f",
  "outputs": {},
  "resources": [
    {
      "module": "module.Application",
      "mode": "managed",
      "type": "aws_db_instance",
      "name": "mysql_db",
      "provider": "provider[\"registry.terraform.io/hashicorp/aws\"]",
      "instances": [
        {
          "schema_version": 1,
          "attributes": {
            "address": "mysqldb.cbwzrhlfya4g.eu-west-1.rds.amazonaws.com",
            "allocated_storage": 50,
            "allow_major_version_upgrade": null,
            "apply_immediately": null,
            "arn": "arn:aws:rds:eu-west-1:799061643767:db:mysqldb",
            "auto_minor_version_upgrade": true,
            "availability_zone": "eu-west-1a",
            "backup_retention_period": 0,
            "backup_window": "22:35-23:05",
            "ca_cert_identifier": "rds-ca-2019",
            "character_set_name": "",
            "copy_tags_to_snapshot": false,
            "customer_owned_ip_enabled": false,
            "db_subnet_group_name": "db-default-subnetgroup",
            "delete_automated_backups": true,
            "deletion_protection": false,
            "domain": "",
            "domain_iam_role_name": "",
            "enabled_cloudwatch_logs_exports": [],
            "endpoint": "mysqldb.cbwzrhlfya4g.eu-west-1.rds.amazonaws.com:3306",
            "engine": "mysql",
            "engine_version": "8.0.23",
            "engine_version_actual": "8.0.23",
            "final_snapshot_identifier": null,
            "hosted_zone_id": "Z29XKXDKYMONMX",
            "iam_database_authentication_enabled": false,
            "id": "mysqldb",
            "identifier": "mysqldb",
            "identifier_prefix": null,
            "instance_class": "db.t3.micro",
            "iops": 0,
            "kms_key_id": "",
            "latest_restorable_time": "0001-01-01T00:00:00Z",
            "license_model": "general-public-license",
            "maintenance_window": "sat:03:22-sat:03:52",
            "max_allocated_storage": 0,
            "monitoring_interval": 0,
            "monitoring_role_arn": "",
            "multi_az": false,
            "name": "mysqldb",
            "nchar_character_set_name": "",
            "option_group_name": "default:mysql-8-0",
            "parameter_group_name": "default.mysql8.0",
            "password": "q1w2e3r4pass!!78451",
            "performance_insights_enabled": false,
            "performance_insights_kms_key_id": "",
            "performance_insights_retention_period": 0,
            "port": 3306,
            "publicly_accessible": false,
            "replica_mode": "",
            "replicas": [],
            "replicate_source_db": "",
            "resource_id": "db-V43XKMWIPLLO4BZCLJYT4JXOB4",
            "restore_to_point_in_time": [],
            "s3_import": [],
            "security_group_names": [],
            "skip_final_snapshot": true,
            "snapshot_identifier": null,
            "status": "available",
            "storage_encrypted": false,
            "storage_type": "gp2",
            "tags": {},
            "tags_all": {},
            "timeouts": null,
            "timezone": "",
            "username": "foo",
            "vpc_security_group_ids": [
              "sg-05f521f8b07139989"
            ]
          },
          "sensitive_attributes": [
            [
              {
                "type": "get_attr",
                "value": "username"
              }
            ],
            [
              {
                "type": "get_attr",
                "value": "password"
              }
            ]
          ],
          "private": "eyJlMmJmYjczMC1lY2FhLTExZTYtOGY4OC0zNDM2M2JjN2M0YzAiOnsiY3JlYXRlIjoyNDAwMDAwMDAwMDAwLCJkZWxldGUiOjM2MDAwMDAwMDAwMDAsInVwZGF0ZSI6NDgwMDAwMDAwMDAwMH0sInNjaGVtYV92ZXJzaW9uIjoiMSJ9",
          "dependencies": [
            "module.Application.aws_db_subnet_group.db-default",
            "module.Network.aws_subnet.private_subnet_a",
            "module.Network.aws_subnet.private_subnet_b",
            "module.Network.aws_vpc.asp_main_vpc"
          ]
        }
      ]
    },
    {
      "module": "module.Application",
      "mode": "managed",
      "type": "aws_db_subnet_group",
      "name": "db-default",
      "provider": "provider[\"registry.terraform.io/hashicorp/aws\"]",
      "instances": [
        {
          "schema_version": 0,
          "attributes": {
            "arn": "arn:aws:rds:eu-west-1:799061643767:subgrp:db-default-subnetgroup",
            "description": "Managed by Terraform",
            "id": "db-default-subnetgroup",
            "name": "db-default-subnetgroup",
            "name_prefix": null,
            "subnet_ids": [
              "subnet-037fcbc6d50d4d575",
              "subnet-0fa6a1a27081e4ebe"
            ],
            "tags": {},
            "tags_all": {}
          },
          "sensitive_attributes": [],
          "private": "bnVsbA==",
          "dependencies": [
            "module.Network.aws_subnet.private_subnet_a",
            "module.Network.aws_subnet.private_subnet_b",
            "module.Network.aws_vpc.asp_main_vpc"
          ]
        }
      ]
    },
    {
      "module": "module.Application",
      "mode": "managed",
      "type": "aws_iam_instance_profile",
      "name": "opswork_instance_profile",
      "provider": "provider[\"registry.terraform.io/hashicorp/aws\"]",
      "instances": [
        {
          "schema_version": 0,
          "attributes": {
            "arn": "arn:aws:iam::799061643767:instance-profile/opswork_instance_profile",
            "create_date": "2022-01-29T16:55:48Z",
            "id": "opswork_instance_profile",
            "name": "opswork_instance_profile",
            "name_prefix": null,
            "path": "/",
            "role": "opswork_instance_role",
            "tags": {},
            "tags_all": {},
            "unique_id": "AIPA3UC6JCH3Z3IOROTDN"
          },
          "sensitive_attributes": [],
          "private": "bnVsbA==",
          "dependencies": [
            "module.Application.aws_iam_role.opswork_instance_role"
          ]
        }
      ]
    },
    {
      "module": "module.Application",
      "mode": "managed",
      "type": "aws_iam_role",
      "name": "opswork_instance_role",
      "provider": "provider[\"registry.terraform.io/hashicorp/aws\"]",
      "instances": [
        {
          "schema_version": 0,
          "attributes": {
            "arn": "arn:aws:iam::799061643767:role/opswork_instance_role",
            "assume_role_policy": "{\"Version\":\"2008-10-17\",\"Statement\":[{\"Sid\":\"StsAssumeRole\",\"Effect\":\"Allow\",\"Principal\":{\"Service\":\"ec2.amazonaws.com\"},\"Action\":\"sts:AssumeRole\"}]}",
            "create_date": "2022-01-29T16:55:46Z",
            "description": "",
            "force_detach_policies": false,
            "id": "opswork_instance_role",
            "inline_policy": [
              {
                "name": "",
                "policy": ""
              }
            ],
            "managed_policy_arns": [
              "arn:aws:iam::aws:policy/AdministratorAccess"
            ],
            "max_session_duration": 3600,
            "name": "opswork_instance_role",
            "name_prefix": "",
            "path": "/",
            "permissions_boundary": null,
            "tags": {},
            "tags_all": {},
            "unique_id": "AROA3UC6JCH3UABJM5TSF"
          },
          "sensitive_attributes": [],
          "private": "bnVsbA=="
        }
      ]
    },
    {
      "module": "module.Application",
      "mode": "managed",
      "type": "aws_iam_role",
      "name": "opswork_service_role",
      "provider": "provider[\"registry.terraform.io/hashicorp/aws\"]",
      "instances": [
        {
          "schema_version": 0,
          "attributes": {
            "arn": "arn:aws:iam::799061643767:role/OpsworkServiceRole",
            "assume_role_policy": "{\"Version\":\"2008-10-17\",\"Statement\":[{\"Sid\":\"StsAssumeRole\",\"Effect\":\"Allow\",\"Principal\":{\"Service\":\"opsworks.amazonaws.com\"},\"Action\":\"sts:AssumeRole\"}]}",
            "create_date": "2022-01-29T16:55:46Z",
            "description": "",
            "force_detach_policies": false,
            "id": "OpsworkServiceRole",
            "inline_policy": [
              {
                "name": "",
                "policy": ""
              }
            ],
            "managed_policy_arns": [
              "arn:aws:iam::aws:policy/AdministratorAccess"
            ],
            "max_session_duration": 3600,
            "name": "OpsworkServiceRole",
            "name_prefix": "",
            "path": "/",
            "permissions_boundary": null,
            "tags": {},
            "tags_all": {},
            "unique_id": "AROA3UC6JCH3S7OK5VLVA"
          },
          "sensitive_attributes": [],
          "private": "bnVsbA=="
        }
      ]
    },
    {
      "module": "module.Application",
      "mode": "managed",
      "type": "aws_iam_role_policy_attachment",
      "name": "instance_profile_attach",
      "provider": "provider[\"registry.terraform.io/hashicorp/aws\"]",
      "instances": [
        {
          "schema_version": 0,
          "attributes": {
            "id": "opswork_instance_role-20220129165550973500000002",
            "policy_arn": "arn:aws:iam::aws:policy/AdministratorAccess",
            "role": "opswork_instance_role"
          },
          "sensitive_attributes": [],
          "private": "bnVsbA==",
          "dependencies": [
            "module.Application.aws_iam_role.opswork_instance_role",
            "module.Application.aws_iam_instance_profile.opswork_instance_profile"
          ]
        }
      ]
    },
    {
      "module": "module.Application",
      "mode": "managed",
      "type": "aws_iam_role_policy_attachment",
      "name": "opswork_service_role_policy_attach",
      "provider": "provider[\"registry.terraform.io/hashicorp/aws\"]",
      "instances": [
        {
          "schema_version": 0,
          "attributes": {
            "id": "OpsworkServiceRole-20220129165549504200000001",
            "policy_arn": "arn:aws:iam::aws:policy/AdministratorAccess",
            "role": "OpsworkServiceRole"
          },
          "sensitive_attributes": [],
          "private": "bnVsbA==",
          "dependencies": [
            "module.Application.aws_iam_role.opswork_instance_role",
            "module.Application.aws_iam_role.opswork_service_role"
          ]
        }
      ]
    },
    {
      "module": "module.Application",
      "mode": "managed",
      "type": "aws_opsworks_application",
      "name": "api-app",
      "provider": "provider[\"registry.terraform.io/hashicorp/aws\"]",
      "instances": [
        {
          "schema_version": 0,
          "attributes": {
            "app_source": [
              {
                "password": "",
                "revision": "main",
                "ssh_key": "",
                "type": "git",
                "url": "https://github.com/persanBR/node-3tier-app.git",
                "username": ""
              }
            ],
            "auto_bundle_on_deploy": "",
            "aws_flow_ruby_settings": "",
            "data_source_arn": "",
            "data_source_database_name": "",
            "data_source_type": "",
            "description": "This is a nodejs application",
            "document_root": "",
            "domains": [],
            "enable_ssl": false,
            "environment": [
              {
                "key": "alaan",
                "secure": false,
                "value": "alan"
              }
            ],
            "id": "94f02a4e-cb76-4f4b-b301-4b557267c00e",
            "name": "api application",
            "rails_env": "",
            "short_name": "api-app",
            "ssl_configuration": [],
            "stack_id": "6599132d-135b-4485-a970-01323166ed45",
            "type": "nodejs"
          },
          "sensitive_attributes": [],
          "private": "bnVsbA==",
          "dependencies": [
            "module.Application.aws_iam_instance_profile.opswork_instance_profile",
            "module.Application.aws_iam_role.opswork_instance_role",
            "module.Application.aws_iam_role.opswork_service_role",
            "module.Application.aws_opsworks_stack.main",
            "module.Network.aws_subnet.private_subnet_a",
            "module.Network.aws_vpc.asp_main_vpc"
          ]
        }
      ]
    },
    {
      "module": "module.Application",
      "mode": "managed",
      "type": "aws_opsworks_custom_layer",
      "name": "asp_custom_be_app",
      "provider": "provider[\"registry.terraform.io/hashicorp/aws\"]",
      "instances": [
        {
          "schema_version": 0,
          "attributes": {
            "arn": "arn:aws:opsworks:eu-west-1:799061643767:layer/d78efaf1-8352-419b-a96d-761cd9a0dbf7",
            "auto_assign_elastic_ips": true,
            "auto_assign_public_ips": false,
            "auto_healing": true,
            "custom_configure_recipes": null,
            "custom_deploy_recipes": null,
            "custom_instance_profile_arn": "",
            "custom_json": "",
            "custom_security_group_ids": null,
            "custom_setup_recipes": null,
            "custom_shutdown_recipes": null,
            "custom_undeploy_recipes": null,
            "drain_elb_on_shutdown": true,
            "ebs_volume": [],
            "elastic_load_balancer": "",
            "id": "d78efaf1-8352-419b-a96d-761cd9a0dbf7",
            "install_updates_on_boot": true,
            "instance_shutdown_timeout": 120,
            "name": "API Application Layer",
            "short_name": "apilayer",
            "stack_id": "6599132d-135b-4485-a970-01323166ed45",
            "system_packages": null,
            "tags": null,
            "tags_all": {},
            "use_ebs_optimized_instances": false
          },
          "sensitive_attributes": [],
          "private": "bnVsbA==",
          "dependencies": [
            "module.Application.aws_opsworks_stack.main"
          ]
        }
      ]
    },
    {
      "module": "module.Application",
      "mode": "managed",
      "type": "aws_opsworks_custom_layer",
      "name": "asp_custom_fe_app",
      "provider": "provider[\"registry.terraform.io/hashicorp/aws\"]",
      "instances": [
        {
          "schema_version": 0,
          "attributes": {
            "arn": "arn:aws:opsworks:eu-west-1:799061643767:layer/410f80b9-de56-4869-84b1-9f27e79b170b",
            "auto_assign_elastic_ips": true,
            "auto_assign_public_ips": false,
            "auto_healing": true,
            "custom_configure_recipes": null,
            "custom_deploy_recipes": null,
            "custom_instance_profile_arn": "",
            "custom_json": "",
            "custom_security_group_ids": null,
            "custom_setup_recipes": null,
            "custom_shutdown_recipes": null,
            "custom_undeploy_recipes": null,
            "drain_elb_on_shutdown": true,
            "ebs_volume": [],
            "elastic_load_balancer": "",
            "id": "410f80b9-de56-4869-84b1-9f27e79b170b",
            "install_updates_on_boot": true,
            "instance_shutdown_timeout": 120,
            "name": "Web Application Layer",
            "short_name": "weblayer",
            "stack_id": "6599132d-135b-4485-a970-01323166ed45",
            "system_packages": null,
            "tags": null,
            "tags_all": {},
            "use_ebs_optimized_instances": false
          },
          "sensitive_attributes": [],
          "private": "bnVsbA==",
          "dependencies": [
            "module.Application.aws_opsworks_stack.main"
          ]
        }
      ]
    },
    {
      "module": "module.Application",
      "mode": "managed",
      "type": "aws_opsworks_instance",
      "name": "api-instance",
      "provider": "provider[\"registry.terraform.io/hashicorp/aws\"]",
      "instances": [
        {
          "schema_version": 0,
          "attributes": {
            "agent_version": "INHERIT",
            "ami_id": "ami-07a877f081af74359",
            "architecture": "x86_64",
            "auto_scaling_type": "",
            "availability_zone": "eu-west-1a",
            "created_at": "2022-01-29T19:28:49+00:00",
            "delete_ebs": true,
            "delete_eip": true,
            "ebs_block_device": [],
            "ebs_optimized": false,
            "ec2_instance_id": "i-0cf3e24d04d655dee",
            "ecs_cluster_arn": "",
            "elastic_ip": "52.51.210.248",
            "ephemeral_block_device": [],
            "hostname": "backend-1a",
            "id": "ee2b35ab-7fd4-4aca-bed8-519511d1a947",
            "infrastructure_class": "ec2",
            "install_updates_on_boot": true,
            "instance_profile_arn": "arn:aws:iam::799061643767:instance-profile/opswork_instance_profile",
            "instance_type": "m3.medium",
            "last_service_error_id": "",
            "layer_ids": [
              "d78efaf1-8352-419b-a96d-761cd9a0dbf7"
            ],
            "os": "Amazon Linux 2018.03",
            "platform": "linux",
            "private_dns": "ip-192-168-0-170.eu-west-1.compute.internal",
            "private_ip": "192.168.0.170",
            "public_dns": "",
            "public_ip": "52.51.210.248",
            "registered_by": "",
            "reported_agent_version": "3454-20200428034055",
            "reported_os_family": "rhel",
            "reported_os_name": "amazon",
            "reported_os_version": "2018.03",
            "root_block_device": [],
            "root_device_type": "instance-store",
            "root_device_volume_id": "",
            "security_group_ids": [
              "sg-0bdd67504ee1088da",
              "sg-08e7ae7b38c316f29"
            ],
            "ssh_host_dsa_key_fingerprint": "f8:4d:be:d6:59:6f:2e:fa:7f:85:e9:c4:39:0b:d5:f0",
            "ssh_host_rsa_key_fingerprint": "2d:9b:a4:6a:be:91:84:51:b3:df:0c:33:49:6f:3a:5d",
            "ssh_key_name": "ASP",
            "stack_id": "6599132d-135b-4485-a970-01323166ed45",
            "state": "running",
            "status": "online",
            "subnet_id": "subnet-037fcbc6d50d4d575",
            "tenancy": "default",
            "timeouts": {
              "create": "20m",
              "delete": "20m",
              "update": null
            },
            "virtualization_type": "hvm"
          },
          "sensitive_attributes": [],
          "private": "eyJlMmJmYjczMC1lY2FhLTExZTYtOGY4OC0zNDM2M2JjN2M0YzAiOnsiY3JlYXRlIjoxMjAwMDAwMDAwMDAwLCJkZWxldGUiOjEyMDAwMDAwMDAwMDAsInVwZGF0ZSI6NjAwMDAwMDAwMDAwfX0=",
          "dependencies": [
            "module.Application.aws_opsworks_custom_layer.asp_custom_be_app",
            "module.Application.aws_opsworks_stack.main",
            "module.Network.aws_subnet.private_subnet_a"
          ]
        }
      ]
    },
    {
      "module": "module.Application",
      "mode": "managed",
      "type": "aws_opsworks_instance",
      "name": "web-instance",
      "provider": "provider[\"registry.terraform.io/hashicorp/aws\"]",
      "instances": [
        {
          "schema_version": 0,
          "attributes": {
            "agent_version": "INHERIT",
            "ami_id": "ami-07a877f081af74359",
            "architecture": "x86_64",
            "auto_scaling_type": "",
            "availability_zone": "eu-west-1a",
            "created_at": "2022-01-29T19:28:49+00:00",
            "delete_ebs": true,
            "delete_eip": true,
            "ebs_block_device": [],
            "ebs_optimized": false,
            "ec2_instance_id": "i-0f5db939930a3b0ac",
            "ecs_cluster_arn": "",
            "elastic_ip": "52.212.246.135",
            "ephemeral_block_device": [],
            "hostname": "frontend-1a",
            "id": "4642a77d-5e7b-483e-a26d-7adbd84c4e67",
            "infrastructure_class": "ec2",
            "install_updates_on_boot": true,
            "instance_profile_arn": "arn:aws:iam::799061643767:instance-profile/opswork_instance_profile",
            "instance_type": "m3.medium",
            "last_service_error_id": "",
            "layer_ids": [
              "410f80b9-de56-4869-84b1-9f27e79b170b"
            ],
            "os": "Amazon Linux 2018.03",
            "platform": "linux",
            "private_dns": "ip-192-168-1-33.eu-west-1.compute.internal",
            "private_ip": "192.168.1.33",
            "public_dns": "",
            "public_ip": "",
            "registered_by": "",
            "reported_agent_version": "3454-20200428034055",
            "reported_os_family": "rhel",
            "reported_os_name": "amazon",
            "reported_os_version": "2018.03",
            "root_block_device": [],
            "root_device_type": "instance-store",
            "root_device_volume_id": "",
            "security_group_ids": [
              "sg-0bdd67504ee1088da",
              "sg-08e7ae7b38c316f29"
            ],
            "ssh_host_dsa_key_fingerprint": "21:d6:42:5d:8d:81:8c:fd:bf:01:9a:b0:71:a3:3d:7b",
            "ssh_host_rsa_key_fingerprint": "f1:e5:2d:86:a9:18:43:e8:54:79:1a:19:93:4a:f7:7b",
            "ssh_key_name": "ASP",
            "stack_id": "6599132d-135b-4485-a970-01323166ed45",
            "state": "running",
            "status": "online",
            "subnet_id": "subnet-0d953b5500a027c8d",
            "tenancy": "default",
            "timeouts": {
              "create": "20m",
              "delete": "20m",
              "update": null
            },
            "virtualization_type": "hvm"
          },
          "sensitive_attributes": [],
          "private": "eyJlMmJmYjczMC1lY2FhLTExZTYtOGY4OC0zNDM2M2JjN2M0YzAiOnsiY3JlYXRlIjoxMjAwMDAwMDAwMDAwLCJkZWxldGUiOjEyMDAwMDAwMDAwMDAsInVwZGF0ZSI6NjAwMDAwMDAwMDAwfX0=",
          "dependencies": [
            "module.Application.aws_opsworks_custom_layer.asp_custom_fe_app",
            "module.Application.aws_opsworks_stack.main",
            "module.Network.aws_subnet.public_subnet_a"
          ]
        }
      ]
    },
    {
      "module": "module.Application",
      "mode": "managed",
      "type": "aws_opsworks_rds_db_instance",
      "name": "my_db_instance",
      "provider": "provider[\"registry.terraform.io/hashicorp/aws\"]",
      "instances": [
        {
          "schema_version": 0,
          "attributes": {
            "db_password": "q1w2e3r4pass!!78451",
            "db_user": "foo",
            "id": "arn:aws:rds:eu-west-1:799061643767:db:mysqldb6599132d-135b-4485-a970-01323166ed45",
            "rds_db_instance_arn": "arn:aws:rds:eu-west-1:799061643767:db:mysqldb",
            "stack_id": "6599132d-135b-4485-a970-01323166ed45"
          },
          "sensitive_attributes": [
            [
              {
                "type": "get_attr",
                "value": "db_password"
              }
            ],
            [
              {
                "type": "get_attr",
                "value": "db_user"
              }
            ]
          ],
          "private": "bnVsbA==",
          "dependencies": [
            "module.Application.aws_db_subnet_group.db-default",
            "module.Application.aws_iam_instance_profile.opswork_instance_profile",
            "module.Network.aws_subnet.private_subnet_b",
            "module.Application.aws_opsworks_stack.main",
            "module.Network.aws_subnet.private_subnet_a",
            "module.Network.aws_vpc.asp_main_vpc",
            "module.Application.aws_db_instance.mysql_db",
            "module.Application.aws_iam_role.opswork_instance_role",
            "module.Application.aws_iam_role.opswork_service_role"
          ]
        }
      ]
    },
    {
      "module": "module.Application",
      "mode": "managed",
      "type": "aws_opsworks_stack",
      "name": "main",
      "provider": "provider[\"registry.terraform.io/hashicorp/aws\"]",
      "instances": [
        {
          "schema_version": 0,
          "attributes": {
            "agent_version": "3454-20200428034055",
            "arn": "arn:aws:opsworks:eu-west-1:799061643767:stack/6599132d-135b-4485-a970-01323166ed45/",
            "berkshelf_version": "3.2.0",
            "color": "",
            "configuration_manager_name": "Chef",
            "configuration_manager_version": "11.10",
            "custom_cookbooks_source": [
              {
                "password": "",
                "revision": "",
                "ssh_key": "",
                "type": "git",
                "url": "https://github.com/aws/opsworks-cookbooks/",
                "username": ""
              }
            ],
            "custom_json": null,
            "default_availability_zone": "eu-west-1a",
            "default_instance_profile_arn": "arn:aws:iam::799061643767:instance-profile/opswork_instance_profile",
            "default_os": "Ubuntu 12.04 LTS",
            "default_root_device_type": "instance-store",
            "default_ssh_key_name": "",
            "default_subnet_id": "subnet-037fcbc6d50d4d575",
            "hostname_theme": "Layer_Dependent",
            "id": "6599132d-135b-4485-a970-01323166ed45",
            "manage_berkshelf": false,
            "name": "ASP-Stack",
            "region": "eu-west-1",
            "service_role_arn": "arn:aws:iam::799061643767:role/OpsworkServiceRole",
            "stack_endpoint": "eu-west-1",
            "tags": {},
            "tags_all": {},
            "use_custom_cookbooks": true,
            "use_opsworks_security_groups": true,
            "vpc_id": "vpc-023c081d8de8806d3"
          },
          "sensitive_attributes": [],
          "private": "bnVsbA==",
          "dependencies": [
            "module.Application.aws_iam_instance_profile.opswork_instance_profile",
            "module.Application.aws_iam_role.opswork_instance_role",
            "module.Application.aws_iam_role.opswork_service_role",
            "module.Network.aws_subnet.private_subnet_a",
            "module.Network.aws_vpc.asp_main_vpc"
          ]
        }
      ]
    },
    {
      "module": "module.Network",
      "mode": "managed",
      "type": "aws_eip",
      "name": "natgw_eip",
      "provider": "provider[\"registry.terraform.io/hashicorp/aws\"]",
      "instances": [
        {
          "schema_version": 0,
          "attributes": {
            "address": null,
            "allocation_id": "eipalloc-0d46f60569daca65a",
            "associate_with_private_ip": null,
            "association_id": "eipassoc-095933b3b47e22b37",
            "carrier_ip": "",
            "customer_owned_ip": "",
            "customer_owned_ipv4_pool": "",
            "domain": "vpc",
            "id": "eipalloc-0d46f60569daca65a",
            "instance": "",
            "network_border_group": "eu-west-1",
            "network_interface": "eni-07b14c93419a4464f",
            "private_dns": "ip-192-168-1-201.eu-west-1.compute.internal",
            "private_ip": "192.168.1.201",
            "public_dns": "ec2-63-34-152-133.eu-west-1.compute.amazonaws.com",
            "public_ip": "63.34.152.133",
            "public_ipv4_pool": "amazon",
            "tags": {},
            "tags_all": {},
            "timeouts": null,
            "vpc": true
          },
          "sensitive_attributes": [],
          "private": "eyJlMmJmYjczMC1lY2FhLTExZTYtOGY4OC0zNDM2M2JjN2M0YzAiOnsiZGVsZXRlIjoxODAwMDAwMDAwMDAsInJlYWQiOjkwMDAwMDAwMDAwMCwidXBkYXRlIjozMDAwMDAwMDAwMDB9fQ=="
        }
      ]
    },
    {
      "module": "module.Network",
      "mode": "managed",
      "type": "aws_internet_gateway",
      "name": "gw",
      "provider": "provider[\"registry.terraform.io/hashicorp/aws\"]",
      "instances": [
        {
          "schema_version": 0,
          "attributes": {
            "arn": "arn:aws:ec2:eu-west-1:799061643767:internet-gateway/igw-031d176d69db995c2",
            "id": "igw-031d176d69db995c2",
            "owner_id": "799061643767",
            "tags": {
              "Name": "asp_main_igw"
            },
            "tags_all": {
              "Name": "asp_main_igw"
            },
            "vpc_id": "vpc-023c081d8de8806d3"
          },
          "sensitive_attributes": [],
          "private": "bnVsbA==",
          "dependencies": [
            "module.Network.aws_vpc.asp_main_vpc"
          ]
        }
      ]
    },
    {
      "module": "module.Network",
      "mode": "managed",
      "type": "aws_nat_gateway",
      "name": "nat_gw",
      "provider": "provider[\"registry.terraform.io/hashicorp/aws\"]",
      "instances": [
        {
          "schema_version": 0,
          "attributes": {
            "allocation_id": "eipalloc-0d46f60569daca65a",
            "connectivity_type": "public",
            "id": "nat-047d8435ef2a050dd",
            "network_interface_id": "eni-07b14c93419a4464f",
            "private_ip": "192.168.1.201",
            "public_ip": "63.34.152.133",
            "subnet_id": "subnet-0d953b5500a027c8d",
            "tags": {
              "Name": "NAT gw"
            },
            "tags_all": {
              "Name": "NAT gw"
            }
          },
          "sensitive_attributes": [],
          "private": "bnVsbA==",
          "dependencies": [
            "module.Network.aws_vpc.asp_main_vpc",
            "module.Network.aws_eip.natgw_eip",
            "module.Network.aws_internet_gateway.gw",
            "module.Network.aws_subnet.public_subnet_a"
          ]
        }
      ]
    },
    {
      "module": "module.Network",
      "mode": "managed",
      "type": "aws_route_table",
      "name": "asp_private_route",
      "provider": "provider[\"registry.terraform.io/hashicorp/aws\"]",
      "instances": [
        {
          "schema_version": 0,
          "attributes": {
            "arn": "arn:aws:ec2:eu-west-1:799061643767:route-table/rtb-0e0f965dfd40e0fec",
            "id": "rtb-0e0f965dfd40e0fec",
            "owner_id": "799061643767",
            "propagating_vgws": [],
            "route": [
              {
                "carrier_gateway_id": "",
                "cidr_block": "0.0.0.0/0",
                "destination_prefix_list_id": "",
                "egress_only_gateway_id": "",
                "gateway_id": "nat-047d8435ef2a050dd",
                "instance_id": "",
                "ipv6_cidr_block": "",
                "local_gateway_id": "",
                "nat_gateway_id": "",
                "network_interface_id": "",
                "transit_gateway_id": "",
                "vpc_endpoint_id": "",
                "vpc_peering_connection_id": ""
              }
            ],
            "tags": {
              "Name": "asp_private_route"
            },
            "tags_all": {
              "Name": "asp_private_route"
            },
            "timeouts": null,
            "vpc_id": "vpc-023c081d8de8806d3"
          },
          "sensitive_attributes": [],
          "private": "eyJlMmJmYjczMC1lY2FhLTExZTYtOGY4OC0zNDM2M2JjN2M0YzAiOnsiY3JlYXRlIjozMDAwMDAwMDAwMDAsImRlbGV0ZSI6MzAwMDAwMDAwMDAwLCJ1cGRhdGUiOjEyMDAwMDAwMDAwMH19",
          "dependencies": [
            "module.Network.aws_nat_gateway.nat_gw",
            "module.Network.aws_vpc.asp_main_vpc"
          ]
        }
      ]
    },
    {
      "module": "module.Network",
      "mode": "managed",
      "type": "aws_route_table",
      "name": "asp_public_route",
      "provider": "provider[\"registry.terraform.io/hashicorp/aws\"]",
      "instances": [
        {
          "schema_version": 0,
          "attributes": {
            "arn": "arn:aws:ec2:eu-west-1:799061643767:route-table/rtb-07631a7b318ad4381",
            "id": "rtb-07631a7b318ad4381",
            "owner_id": "799061643767",
            "propagating_vgws": [],
            "route": [
              {
                "carrier_gateway_id": "",
                "cidr_block": "0.0.0.0/0",
                "destination_prefix_list_id": "",
                "egress_only_gateway_id": "",
                "gateway_id": "igw-031d176d69db995c2",
                "instance_id": "",
                "ipv6_cidr_block": "",
                "local_gateway_id": "",
                "nat_gateway_id": "",
                "network_interface_id": "",
                "transit_gateway_id": "",
                "vpc_endpoint_id": "",
                "vpc_peering_connection_id": ""
              }
            ],
            "tags": {
              "Name": "asp_public_route"
            },
            "tags_all": {
              "Name": "asp_public_route"
            },
            "timeouts": null,
            "vpc_id": "vpc-023c081d8de8806d3"
          },
          "sensitive_attributes": [],
          "private": "eyJlMmJmYjczMC1lY2FhLTExZTYtOGY4OC0zNDM2M2JjN2M0YzAiOnsiY3JlYXRlIjozMDAwMDAwMDAwMDAsImRlbGV0ZSI6MzAwMDAwMDAwMDAwLCJ1cGRhdGUiOjEyMDAwMDAwMDAwMH19",
          "dependencies": [
            "module.Network.aws_internet_gateway.gw",
            "module.Network.aws_vpc.asp_main_vpc"
          ]
        }
      ]
    },
    {
      "module": "module.Network",
      "mode": "managed",
      "type": "aws_route_table_association",
      "name": "private-a",
      "provider": "provider[\"registry.terraform.io/hashicorp/aws\"]",
      "instances": [
        {
          "schema_version": 0,
          "attributes": {
            "gateway_id": "",
            "id": "rtbassoc-03590d8538d041c3c",
            "route_table_id": "rtb-0e0f965dfd40e0fec",
            "subnet_id": "subnet-037fcbc6d50d4d575"
          },
          "sensitive_attributes": [],
          "private": "bnVsbA==",
          "dependencies": [
            "module.Network.aws_route_table.asp_private_route",
            "module.Network.aws_subnet.private_subnet_a",
            "module.Network.aws_subnet.public_subnet_a",
            "module.Network.aws_vpc.asp_main_vpc",
            "module.Network.aws_eip.natgw_eip",
            "module.Network.aws_internet_gateway.gw",
            "module.Network.aws_nat_gateway.nat_gw"
          ]
        }
      ]
    },
    {
      "module": "module.Network",
      "mode": "managed",
      "type": "aws_route_table_association",
      "name": "private-b",
      "provider": "provider[\"registry.terraform.io/hashicorp/aws\"]",
      "instances": [
        {
          "schema_version": 0,
          "attributes": {
            "gateway_id": "",
            "id": "rtbassoc-019d45cb1dbc72dd5",
            "route_table_id": "rtb-0e0f965dfd40e0fec",
            "subnet_id": "subnet-0fa6a1a27081e4ebe"
          },
          "sensitive_attributes": [],
          "private": "bnVsbA==",
          "dependencies": [
            "module.Network.aws_eip.natgw_eip",
            "module.Network.aws_internet_gateway.gw",
            "module.Network.aws_nat_gateway.nat_gw",
            "module.Network.aws_route_table.asp_private_route",
            "module.Network.aws_subnet.private_subnet_b",
            "module.Network.aws_subnet.public_subnet_a",
            "module.Network.aws_vpc.asp_main_vpc"
          ]
        }
      ]
    },
    {
      "module": "module.Network",
      "mode": "managed",
      "type": "aws_route_table_association",
      "name": "public-a",
      "provider": "provider[\"registry.terraform.io/hashicorp/aws\"]",
      "instances": [
        {
          "schema_version": 0,
          "attributes": {
            "gateway_id": "",
            "id": "rtbassoc-08d883a5c99d1bf4a",
            "route_table_id": "rtb-07631a7b318ad4381",
            "subnet_id": "subnet-0d953b5500a027c8d"
          },
          "sensitive_attributes": [],
          "private": "bnVsbA==",
          "dependencies": [
            "module.Network.aws_internet_gateway.gw",
            "module.Network.aws_route_table.asp_public_route",
            "module.Network.aws_subnet.public_subnet_a",
            "module.Network.aws_vpc.asp_main_vpc"
          ]
        }
      ]
    },
    {
      "module": "module.Network",
      "mode": "managed",
      "type": "aws_route_table_association",
      "name": "public-b",
      "provider": "provider[\"registry.terraform.io/hashicorp/aws\"]",
      "instances": [
        {
          "schema_version": 0,
          "attributes": {
            "gateway_id": "",
            "id": "rtbassoc-03ff7e01bd18068b5",
            "route_table_id": "rtb-07631a7b318ad4381",
            "subnet_id": "subnet-0d3afabc3f28c18cd"
          },
          "sensitive_attributes": [],
          "private": "bnVsbA==",
          "dependencies": [
            "module.Network.aws_vpc.asp_main_vpc",
            "module.Network.aws_internet_gateway.gw",
            "module.Network.aws_route_table.asp_public_route",
            "module.Network.aws_subnet.public_subnet_b"
          ]
        }
      ]
    },
    {
      "module": "module.Network",
      "mode": "managed",
      "type": "aws_subnet",
      "name": "private_subnet_a",
      "provider": "provider[\"registry.terraform.io/hashicorp/aws\"]",
      "instances": [
        {
          "schema_version": 1,
          "attributes": {
            "arn": "arn:aws:ec2:eu-west-1:799061643767:subnet/subnet-037fcbc6d50d4d575",
            "assign_ipv6_address_on_creation": false,
            "availability_zone": "eu-west-1a",
            "availability_zone_id": "euw1-az2",
            "cidr_block": "192.168.0.0/24",
            "customer_owned_ipv4_pool": "",
            "enable_dns64": false,
            "enable_resource_name_dns_a_record_on_launch": false,
            "enable_resource_name_dns_aaaa_record_on_launch": false,
            "id": "subnet-037fcbc6d50d4d575",
            "ipv6_cidr_block": "",
            "ipv6_cidr_block_association_id": "",
            "ipv6_native": false,
            "map_customer_owned_ip_on_launch": false,
            "map_public_ip_on_launch": false,
            "outpost_arn": "",
            "owner_id": "799061643767",
            "private_dns_hostname_type_on_launch": "ip-name",
            "tags": {
              "Name": "private_subnet"
            },
            "tags_all": {
              "Name": "private_subnet"
            },
            "timeouts": null,
            "vpc_id": "vpc-023c081d8de8806d3"
          },
          "sensitive_attributes": [],
          "private": "eyJlMmJmYjczMC1lY2FhLTExZTYtOGY4OC0zNDM2M2JjN2M0YzAiOnsiY3JlYXRlIjo2MDAwMDAwMDAwMDAsImRlbGV0ZSI6MTIwMDAwMDAwMDAwMH0sInNjaGVtYV92ZXJzaW9uIjoiMSJ9",
          "dependencies": [
            "module.Network.aws_vpc.asp_main_vpc"
          ]
        }
      ]
    },
    {
      "module": "module.Network",
      "mode": "managed",
      "type": "aws_subnet",
      "name": "private_subnet_b",
      "provider": "provider[\"registry.terraform.io/hashicorp/aws\"]",
      "instances": [
        {
          "schema_version": 1,
          "attributes": {
            "arn": "arn:aws:ec2:eu-west-1:799061643767:subnet/subnet-0fa6a1a27081e4ebe",
            "assign_ipv6_address_on_creation": false,
            "availability_zone": "eu-west-1b",
            "availability_zone_id": "euw1-az3",
            "cidr_block": "192.168.3.0/24",
            "customer_owned_ipv4_pool": "",
            "enable_dns64": false,
            "enable_resource_name_dns_a_record_on_launch": false,
            "enable_resource_name_dns_aaaa_record_on_launch": false,
            "id": "subnet-0fa6a1a27081e4ebe",
            "ipv6_cidr_block": "",
            "ipv6_cidr_block_association_id": "",
            "ipv6_native": false,
            "map_customer_owned_ip_on_launch": false,
            "map_public_ip_on_launch": false,
            "outpost_arn": "",
            "owner_id": "799061643767",
            "private_dns_hostname_type_on_launch": "ip-name",
            "tags": {
              "Name": "private_subnet"
            },
            "tags_all": {
              "Name": "private_subnet"
            },
            "timeouts": null,
            "vpc_id": "vpc-023c081d8de8806d3"
          },
          "sensitive_attributes": [],
          "private": "eyJlMmJmYjczMC1lY2FhLTExZTYtOGY4OC0zNDM2M2JjN2M0YzAiOnsiY3JlYXRlIjo2MDAwMDAwMDAwMDAsImRlbGV0ZSI6MTIwMDAwMDAwMDAwMH0sInNjaGVtYV92ZXJzaW9uIjoiMSJ9",
          "dependencies": [
            "module.Network.aws_vpc.asp_main_vpc"
          ]
        }
      ]
    },
    {
      "module": "module.Network",
      "mode": "managed",
      "type": "aws_subnet",
      "name": "public_subnet_a",
      "provider": "provider[\"registry.terraform.io/hashicorp/aws\"]",
      "instances": [
        {
          "schema_version": 1,
          "attributes": {
            "arn": "arn:aws:ec2:eu-west-1:799061643767:subnet/subnet-0d953b5500a027c8d",
            "assign_ipv6_address_on_creation": false,
            "availability_zone": "eu-west-1a",
            "availability_zone_id": "euw1-az2",
            "cidr_block": "192.168.1.0/24",
            "customer_owned_ipv4_pool": "",
            "enable_dns64": false,
            "enable_resource_name_dns_a_record_on_launch": false,
            "enable_resource_name_dns_aaaa_record_on_launch": false,
            "id": "subnet-0d953b5500a027c8d",
            "ipv6_cidr_block": "",
            "ipv6_cidr_block_association_id": "",
            "ipv6_native": false,
            "map_customer_owned_ip_on_launch": false,
            "map_public_ip_on_launch": false,
            "outpost_arn": "",
            "owner_id": "799061643767",
            "private_dns_hostname_type_on_launch": "ip-name",
            "tags": {
              "Name": "public_subnet"
            },
            "tags_all": {
              "Name": "public_subnet"
            },
            "timeouts": null,
            "vpc_id": "vpc-023c081d8de8806d3"
          },
          "sensitive_attributes": [],
          "private": "eyJlMmJmYjczMC1lY2FhLTExZTYtOGY4OC0zNDM2M2JjN2M0YzAiOnsiY3JlYXRlIjo2MDAwMDAwMDAwMDAsImRlbGV0ZSI6MTIwMDAwMDAwMDAwMH0sInNjaGVtYV92ZXJzaW9uIjoiMSJ9",
          "dependencies": [
            "module.Network.aws_vpc.asp_main_vpc"
          ]
        }
      ]
    },
    {
      "module": "module.Network",
      "mode": "managed",
      "type": "aws_subnet",
      "name": "public_subnet_b",
      "provider": "provider[\"registry.terraform.io/hashicorp/aws\"]",
      "instances": [
        {
          "schema_version": 1,
          "attributes": {
            "arn": "arn:aws:ec2:eu-west-1:799061643767:subnet/subnet-0d3afabc3f28c18cd",
            "assign_ipv6_address_on_creation": false,
            "availability_zone": "eu-west-1b",
            "availability_zone_id": "euw1-az3",
            "cidr_block": "192.168.4.0/24",
            "customer_owned_ipv4_pool": "",
            "enable_dns64": false,
            "enable_resource_name_dns_a_record_on_launch": false,
            "enable_resource_name_dns_aaaa_record_on_launch": false,
            "id": "subnet-0d3afabc3f28c18cd",
            "ipv6_cidr_block": "",
            "ipv6_cidr_block_association_id": "",
            "ipv6_native": false,
            "map_customer_owned_ip_on_launch": false,
            "map_public_ip_on_launch": false,
            "outpost_arn": "",
            "owner_id": "799061643767",
            "private_dns_hostname_type_on_launch": "ip-name",
            "tags": {
              "Name": "public_subnet"
            },
            "tags_all": {
              "Name": "public_subnet"
            },
            "timeouts": null,
            "vpc_id": "vpc-023c081d8de8806d3"
          },
          "sensitive_attributes": [],
          "private": "eyJlMmJmYjczMC1lY2FhLTExZTYtOGY4OC0zNDM2M2JjN2M0YzAiOnsiY3JlYXRlIjo2MDAwMDAwMDAwMDAsImRlbGV0ZSI6MTIwMDAwMDAwMDAwMH0sInNjaGVtYV92ZXJzaW9uIjoiMSJ9",
          "dependencies": [
            "module.Network.aws_vpc.asp_main_vpc"
          ]
        }
      ]
    },
    {
      "module": "module.Network",
      "mode": "managed",
      "type": "aws_vpc",
      "name": "asp_main_vpc",
      "provider": "provider[\"registry.terraform.io/hashicorp/aws\"]",
      "instances": [
        {
          "schema_version": 1,
          "attributes": {
            "arn": "arn:aws:ec2:eu-west-1:799061643767:vpc/vpc-023c081d8de8806d3",
            "assign_generated_ipv6_cidr_block": false,
            "cidr_block": "192.168.0.0/16",
            "default_network_acl_id": "acl-02342894d40d67e95",
            "default_route_table_id": "rtb-0c486a49e18b8b002",
            "default_security_group_id": "sg-05f521f8b07139989",
            "dhcp_options_id": "dopt-0a7a7b01880eb4fc8",
            "enable_classiclink": false,
            "enable_classiclink_dns_support": false,
            "enable_dns_hostnames": false,
            "enable_dns_support": true,
            "id": "vpc-023c081d8de8806d3",
            "instance_tenancy": "default",
            "ipv4_ipam_pool_id": null,
            "ipv4_netmask_length": null,
            "ipv6_association_id": "",
            "ipv6_cidr_block": "",
            "ipv6_cidr_block_network_border_group": null,
            "ipv6_ipam_pool_id": null,
            "ipv6_netmask_length": null,
            "main_route_table_id": "rtb-0c486a49e18b8b002",
            "owner_id": "799061643767",
            "tags": {
              "Name": "asp_main_vpc"
            },
            "tags_all": {
              "Name": "asp_main_vpc"
            }
          },
          "sensitive_attributes": [],
          "private": "eyJzY2hlbWFfdmVyc2lvbiI6IjEifQ=="
        }
      ]
    }
  ]
}
