{
  "version": 4,
  "terraform_version": "1.1.3",
  "serial": 415,
  "lineage": "bbdccc38-d62d-718e-ff2f-924e176a833f",
  "outputs": {},
  "resources": [
    {
      "module": "module.Application",
      "mode": "managed",
      "type": "aws_iam_instance_profile",
      "name": "opswork_instance_profile",
      "provider": "provider[\"registry.terraform.io/hashicorp/aws\"]",
      "instances": [
        {
          "schema_version": 0,
          "attributes": {
            "arn": "arn:aws:iam::799061643767:instance-profile/opswork_instance_profile",
            "create_date": "2022-01-30T12:01:15Z",
            "id": "opswork_instance_profile",
            "name": "opswork_instance_profile",
            "name_prefix": null,
            "path": "/",
            "role": "opswork_instance_role",
            "tags": {},
            "tags_all": {},
            "unique_id": "AIPA3UC6JCH3RKCTCDRUT"
          },
          "sensitive_attributes": [],
          "private": "bnVsbA==",
          "dependencies": [
            "module.Application.aws_iam_role.opswork_instance_role"
          ]
        }
      ]
    },
    {
      "module": "module.Application",
      "mode": "managed",
      "type": "aws_iam_role",
      "name": "opswork_instance_role",
      "provider": "provider[\"registry.terraform.io/hashicorp/aws\"]",
      "instances": [
        {
          "schema_version": 0,
          "attributes": {
            "arn": "arn:aws:iam::799061643767:role/opswork_instance_role",
            "assume_role_policy": "{\"Version\":\"2008-10-17\",\"Statement\":[{\"Sid\":\"StsAssumeRole\",\"Effect\":\"Allow\",\"Principal\":{\"Service\":\"ec2.amazonaws.com\"},\"Action\":\"sts:AssumeRole\"}]}",
            "create_date": "2022-01-30T12:01:13Z",
            "description": "",
            "force_detach_policies": false,
            "id": "opswork_instance_role",
            "inline_policy": [
              {
                "name": "",
                "policy": ""
              }
            ],
            "managed_policy_arns": [],
            "max_session_duration": 3600,
            "name": "opswork_instance_role",
            "name_prefix": "",
            "path": "/",
            "permissions_boundary": null,
            "tags": {},
            "tags_all": {},
            "unique_id": "AROA3UC6JCH3T2QBDR5ZJ"
          },
          "sensitive_attributes": [],
          "private": "bnVsbA=="
        }
      ]
    },
    {
      "module": "module.Application",
      "mode": "managed",
      "type": "aws_iam_role",
      "name": "opswork_service_role",
      "provider": "provider[\"registry.terraform.io/hashicorp/aws\"]",
      "instances": [
        {
          "schema_version": 0,
          "attributes": {
            "arn": "arn:aws:iam::799061643767:role/OpsworkServiceRole",
            "assume_role_policy": "{\"Version\":\"2008-10-17\",\"Statement\":[{\"Sid\":\"StsAssumeRole\",\"Effect\":\"Allow\",\"Principal\":{\"Service\":\"opsworks.amazonaws.com\"},\"Action\":\"sts:AssumeRole\"}]}",
            "create_date": "2022-01-30T12:01:13Z",
            "description": "",
            "force_detach_policies": false,
            "id": "OpsworkServiceRole",
            "inline_policy": [
              {
                "name": "",
                "policy": ""
              }
            ],
            "managed_policy_arns": [],
            "max_session_duration": 3600,
            "name": "OpsworkServiceRole",
            "name_prefix": "",
            "path": "/",
            "permissions_boundary": null,
            "tags": {},
            "tags_all": {},
            "unique_id": "AROA3UC6JCH336C742Y5I"
          },
          "sensitive_attributes": [],
          "private": "bnVsbA=="
        }
      ]
    },
    {
      "module": "module.Application",
      "mode": "managed",
      "type": "aws_opsworks_custom_layer",
      "name": "asp_custom_be_app",
      "provider": "provider[\"registry.terraform.io/hashicorp/aws\"]",
      "instances": [
        {
          "schema_version": 0,
          "attributes": {
            "arn": "arn:aws:opsworks:eu-west-1:799061643767:layer/0dded0bc-6010-46de-9bcb-f41cd7740b9b",
            "auto_assign_elastic_ips": false,
            "auto_assign_public_ips": false,
            "auto_healing": true,
            "custom_configure_recipes": [],
            "custom_deploy_recipes": [
              "deploy::app"
            ],
            "custom_instance_profile_arn": "",
            "custom_json": "",
            "custom_security_group_ids": [],
            "custom_setup_recipes": [
              "setup::app"
            ],
            "custom_shutdown_recipes": [],
            "custom_undeploy_recipes": [],
            "drain_elb_on_shutdown": true,
            "ebs_volume": [],
            "elastic_load_balancer": "",
            "id": "0dded0bc-6010-46de-9bcb-f41cd7740b9b",
            "install_updates_on_boot": true,
            "instance_shutdown_timeout": 120,
            "name": "API Application Layer",
            "short_name": "apilayer",
            "stack_id": "4950635f-b128-48ef-83ed-98f29a00c5ff",
            "system_packages": [],
            "tags": {},
            "tags_all": {},
            "use_ebs_optimized_instances": false
          },
          "sensitive_attributes": [],
          "private": "bnVsbA==",
          "dependencies": [
            "module.Application.aws_iam_instance_profile.opswork_instance_profile",
            "module.Application.aws_iam_role.opswork_instance_role",
            "module.Application.aws_iam_role.opswork_service_role",
            "module.Application.aws_opsworks_stack.main",
            "module.Network.aws_subnet.private_subnet_a",
            "module.Network.aws_vpc.asp_main_vpc"
          ]
        }
      ]
    },
    {
      "module": "module.Application",
      "mode": "managed",
      "type": "aws_opsworks_custom_layer",
      "name": "asp_custom_fe_app",
      "provider": "provider[\"registry.terraform.io/hashicorp/aws\"]",
      "instances": [
        {
          "schema_version": 0,
          "attributes": {
            "arn": "arn:aws:opsworks:eu-west-1:799061643767:layer/27ddbd6a-35ef-4152-bd27-5c2161a18f65",
            "auto_assign_elastic_ips": true,
            "auto_assign_public_ips": false,
            "auto_healing": true,
            "custom_configure_recipes": [],
            "custom_deploy_recipes": [
              "deploy::app"
            ],
            "custom_instance_profile_arn": "",
            "custom_json": "",
            "custom_security_group_ids": [],
            "custom_setup_recipes": [
              "setup::app"
            ],
            "custom_shutdown_recipes": [],
            "custom_undeploy_recipes": [],
            "drain_elb_on_shutdown": true,
            "ebs_volume": [],
            "elastic_load_balancer": "",
            "id": "27ddbd6a-35ef-4152-bd27-5c2161a18f65",
            "install_updates_on_boot": true,
            "instance_shutdown_timeout": 120,
            "name": "Web Application Layer",
            "short_name": "weblayer",
            "stack_id": "4950635f-b128-48ef-83ed-98f29a00c5ff",
            "system_packages": [],
            "tags": {},
            "tags_all": {},
            "use_ebs_optimized_instances": false
          },
          "sensitive_attributes": [],
          "private": "bnVsbA==",
          "dependencies": [
            "module.Application.aws_iam_role.opswork_instance_role",
            "module.Application.aws_iam_role.opswork_service_role",
            "module.Application.aws_opsworks_stack.main",
            "module.Network.aws_subnet.private_subnet_a",
            "module.Network.aws_vpc.asp_main_vpc",
            "module.Application.aws_iam_instance_profile.opswork_instance_profile"
          ]
        }
      ]
    },
    {
      "module": "module.Application",
      "mode": "managed",
      "type": "aws_opsworks_instance",
      "name": "api-instance",
      "provider": "provider[\"registry.terraform.io/hashicorp/aws\"]",
      "instances": [
        {
          "schema_version": 0,
          "attributes": {
            "agent_version": "INHERIT",
            "ami_id": "ami-07a877f081af74359",
            "architecture": "x86_64",
            "auto_scaling_type": "",
            "availability_zone": "eu-west-1a",
            "created_at": "2022-01-30T21:24:46+00:00",
            "delete_ebs": true,
            "delete_eip": true,
            "ebs_block_device": [],
            "ebs_optimized": false,
            "ec2_instance_id": "i-040250ed5b0fb4ac7",
            "ecs_cluster_arn": "",
            "elastic_ip": "",
            "ephemeral_block_device": [],
            "hostname": "backend-1a",
            "id": "e3bec517-245b-4d11-8a32-c8cb0224301b",
            "infrastructure_class": "ec2",
            "install_updates_on_boot": true,
            "instance_profile_arn": "arn:aws:iam::799061643767:instance-profile/opswork_instance_profile",
            "instance_type": "m3.medium",
            "last_service_error_id": "dd823038-3eb5-4cba-8c51-4c13b807e996",
            "layer_ids": [
              "0dded0bc-6010-46de-9bcb-f41cd7740b9b"
            ],
            "os": "Amazon Linux 2018.03",
            "platform": "linux",
            "private_dns": "ip-192-168-0-7.eu-west-1.compute.internal",
            "private_ip": "192.168.0.7",
            "public_dns": "",
            "public_ip": "",
            "registered_by": "",
            "reported_agent_version": "3454-20200428034055",
            "reported_os_family": "rhel",
            "reported_os_name": "amazon",
            "reported_os_version": "2018.03",
            "root_block_device": [],
            "root_device_type": "instance-store",
            "root_device_volume_id": "",
            "security_group_ids": [
              "sg-0aa1a6fedf208007f",
              "sg-03f303f98767ee7b4"
            ],
            "ssh_host_dsa_key_fingerprint": "4a:e3:e2:1b:7a:95:a8:a4:94:b7:02:0b:0f:49:ee:75",
            "ssh_host_rsa_key_fingerprint": "dc:88:28:96:c4:cc:f6:35:6d:7b:b6:2e:7d:66:cb:4c",
            "ssh_key_name": "ASP",
            "stack_id": "4950635f-b128-48ef-83ed-98f29a00c5ff",
            "state": "running",
            "status": "stop_failed",
            "subnet_id": "subnet-0b7e385f435a3d595",
            "tenancy": "default",
            "timeouts": {
              "create": "20m",
              "delete": "20m",
              "update": null
            },
            "virtualization_type": "hvm"
          },
          "sensitive_attributes": [],
          "private": "eyJlMmJmYjczMC1lY2FhLTExZTYtOGY4OC0zNDM2M2JjN2M0YzAiOnsiY3JlYXRlIjoxMjAwMDAwMDAwMDAwLCJkZWxldGUiOjEyMDAwMDAwMDAwMDAsInVwZGF0ZSI6NjAwMDAwMDAwMDAwfX0=",
          "dependencies": [
            "module.Network.aws_subnet.private_subnet_a",
            "module.Network.aws_vpc.asp_main_vpc",
            "module.Application.aws_iam_instance_profile.opswork_instance_profile",
            "module.Application.aws_iam_role.opswork_instance_role",
            "module.Application.aws_iam_role.opswork_service_role",
            "module.Application.aws_opsworks_custom_layer.asp_custom_be_app",
            "module.Application.aws_opsworks_stack.main"
          ]
        }
      ]
    },
    {
      "module": "module.Application",
      "mode": "managed",
      "type": "aws_opsworks_instance",
      "name": "web-instance",
      "provider": "provider[\"registry.terraform.io/hashicorp/aws\"]",
      "instances": [
        {
          "schema_version": 0,
          "attributes": {
            "agent_version": "INHERIT",
            "ami_id": "ami-07a877f081af74359",
            "architecture": "x86_64",
            "auto_scaling_type": "",
            "availability_zone": "eu-west-1a",
            "created_at": "2022-01-30T21:24:46+00:00",
            "delete_ebs": true,
            "delete_eip": true,
            "ebs_block_device": [],
            "ebs_optimized": false,
            "ec2_instance_id": "i-0aef83be90a88cf94",
            "ecs_cluster_arn": "",
            "elastic_ip": "54.228.200.177",
            "ephemeral_block_device": [],
            "hostname": "frontend-1a",
            "id": "c56d2269-8092-40d6-b3ec-8c582c1388c9",
            "infrastructure_class": "ec2",
            "install_updates_on_boot": true,
            "instance_profile_arn": "arn:aws:iam::799061643767:instance-profile/opswork_instance_profile",
            "instance_type": "m3.medium",
            "last_service_error_id": "88f85438-3ae5-42b0-baf2-d65272037633",
            "layer_ids": [
              "27ddbd6a-35ef-4152-bd27-5c2161a18f65"
            ],
            "os": "Amazon Linux 2018.03",
            "platform": "linux",
            "private_dns": "ip-192-168-1-68.eu-west-1.compute.internal",
            "private_ip": "192.168.1.68",
            "public_dns": "",
            "public_ip": "",
            "registered_by": "",
            "reported_agent_version": "3454-20200428034055",
            "reported_os_family": "rhel",
            "reported_os_name": "amazon",
            "reported_os_version": "2018.03",
            "root_block_device": [],
            "root_device_type": "instance-store",
            "root_device_volume_id": "",
            "security_group_ids": [
              "sg-0aa1a6fedf208007f",
              "sg-03f303f98767ee7b4"
            ],
            "ssh_host_dsa_key_fingerprint": "ba:f4:a7:dc:a0:7e:d8:d8:42:f2:7f:59:6a:f2:ef:50",
            "ssh_host_rsa_key_fingerprint": "12:9f:ba:0d:6b:97:42:ba:7f:d8:bd:8b:8d:18:83:be",
            "ssh_key_name": "ASP",
            "stack_id": "4950635f-b128-48ef-83ed-98f29a00c5ff",
            "state": "running",
            "status": "stop_failed",
            "subnet_id": "subnet-06376a1b511446c8a",
            "tenancy": "default",
            "timeouts": {
              "create": "20m",
              "delete": "20m",
              "update": null
            },
            "virtualization_type": "hvm"
          },
          "sensitive_attributes": [],
          "private": "eyJlMmJmYjczMC1lY2FhLTExZTYtOGY4OC0zNDM2M2JjN2M0YzAiOnsiY3JlYXRlIjoxMjAwMDAwMDAwMDAwLCJkZWxldGUiOjEyMDAwMDAwMDAwMDAsInVwZGF0ZSI6NjAwMDAwMDAwMDAwfX0=",
          "dependencies": [
            "module.Network.aws_subnet.private_subnet_a",
            "module.Network.aws_subnet.public_subnet_a",
            "module.Network.aws_vpc.asp_main_vpc",
            "module.Application.aws_iam_instance_profile.opswork_instance_profile",
            "module.Application.aws_iam_role.opswork_instance_role",
            "module.Application.aws_iam_role.opswork_service_role",
            "module.Application.aws_opsworks_custom_layer.asp_custom_fe_app",
            "module.Application.aws_opsworks_stack.main"
          ]
        }
      ]
    },
    {
      "module": "module.Application",
      "mode": "managed",
      "type": "aws_opsworks_stack",
      "name": "main",
      "provider": "provider[\"registry.terraform.io/hashicorp/aws\"]",
      "instances": [
        {
          "schema_version": 0,
          "attributes": {
            "agent_version": "3454-20200428034055",
            "arn": "arn:aws:opsworks:eu-west-1:799061643767:stack/4950635f-b128-48ef-83ed-98f29a00c5ff/",
            "berkshelf_version": "3.2.0",
            "color": "",
            "configuration_manager_name": "Chef",
            "configuration_manager_version": "11.10",
            "custom_cookbooks_source": [
              {
                "password": "",
                "revision": "",
                "ssh_key": "",
                "type": "git",
                "url": "https://github.com/persanBR/kitchen.git",
                "username": ""
              }
            ],
            "custom_json": null,
            "default_availability_zone": "eu-west-1a",
            "default_instance_profile_arn": "arn:aws:iam::799061643767:instance-profile/opswork_instance_profile",
            "default_os": "Ubuntu 12.04 LTS",
            "default_root_device_type": "instance-store",
            "default_ssh_key_name": "ASP",
            "default_subnet_id": "subnet-0b7e385f435a3d595",
            "hostname_theme": "Layer_Dependent",
            "id": "4950635f-b128-48ef-83ed-98f29a00c5ff",
            "manage_berkshelf": false,
            "name": "ASP-Stack",
            "region": "eu-west-1",
            "service_role_arn": "arn:aws:iam::799061643767:role/OpsworkServiceRole",
            "stack_endpoint": "eu-west-1",
            "tags": {},
            "tags_all": {},
            "use_custom_cookbooks": true,
            "use_opsworks_security_groups": true,
            "vpc_id": "vpc-0df5d4dae4992b181"
          },
          "sensitive_attributes": [],
          "private": "bnVsbA==",
          "dependencies": [
            "module.Application.aws_iam_role.opswork_service_role",
            "module.Network.aws_subnet.private_subnet_a",
            "module.Network.aws_vpc.asp_main_vpc",
            "module.Application.aws_iam_instance_profile.opswork_instance_profile",
            "module.Application.aws_iam_role.opswork_instance_role"
          ]
        }
      ]
    },
    {
      "module": "module.Network",
      "mode": "managed",
      "type": "aws_subnet",
      "name": "private_subnet_a",
      "provider": "provider[\"registry.terraform.io/hashicorp/aws\"]",
      "instances": [
        {
          "schema_version": 1,
          "attributes": {
            "arn": "arn:aws:ec2:eu-west-1:799061643767:subnet/subnet-0b7e385f435a3d595",
            "assign_ipv6_address_on_creation": false,
            "availability_zone": "eu-west-1a",
            "availability_zone_id": "euw1-az2",
            "cidr_block": "192.168.0.0/24",
            "customer_owned_ipv4_pool": "",
            "enable_dns64": false,
            "enable_resource_name_dns_a_record_on_launch": false,
            "enable_resource_name_dns_aaaa_record_on_launch": false,
            "id": "subnet-0b7e385f435a3d595",
            "ipv6_cidr_block": "",
            "ipv6_cidr_block_association_id": "",
            "ipv6_native": false,
            "map_customer_owned_ip_on_launch": false,
            "map_public_ip_on_launch": false,
            "outpost_arn": "",
            "owner_id": "799061643767",
            "private_dns_hostname_type_on_launch": "ip-name",
            "tags": {
              "Name": "private_subnet_a"
            },
            "tags_all": {
              "Name": "private_subnet_a"
            },
            "timeouts": null,
            "vpc_id": "vpc-0df5d4dae4992b181"
          },
          "sensitive_attributes": [],
          "private": "eyJlMmJmYjczMC1lY2FhLTExZTYtOGY4OC0zNDM2M2JjN2M0YzAiOnsiY3JlYXRlIjo2MDAwMDAwMDAwMDAsImRlbGV0ZSI6MTIwMDAwMDAwMDAwMH0sInNjaGVtYV92ZXJzaW9uIjoiMSJ9",
          "dependencies": [
            "module.Network.aws_vpc.asp_main_vpc"
          ]
        }
      ]
    },
    {
      "module": "module.Network",
      "mode": "managed",
      "type": "aws_subnet",
      "name": "public_subnet_a",
      "provider": "provider[\"registry.terraform.io/hashicorp/aws\"]",
      "instances": [
        {
          "schema_version": 1,
          "attributes": {
            "arn": "arn:aws:ec2:eu-west-1:799061643767:subnet/subnet-06376a1b511446c8a",
            "assign_ipv6_address_on_creation": false,
            "availability_zone": "eu-west-1a",
            "availability_zone_id": "euw1-az2",
            "cidr_block": "192.168.1.0/24",
            "customer_owned_ipv4_pool": "",
            "enable_dns64": false,
            "enable_resource_name_dns_a_record_on_launch": false,
            "enable_resource_name_dns_aaaa_record_on_launch": false,
            "id": "subnet-06376a1b511446c8a",
            "ipv6_cidr_block": "",
            "ipv6_cidr_block_association_id": "",
            "ipv6_native": false,
            "map_customer_owned_ip_on_launch": false,
            "map_public_ip_on_launch": false,
            "outpost_arn": "",
            "owner_id": "799061643767",
            "private_dns_hostname_type_on_launch": "ip-name",
            "tags": {
              "Name": "public_subnet_a"
            },
            "tags_all": {
              "Name": "public_subnet_a"
            },
            "timeouts": null,
            "vpc_id": "vpc-0df5d4dae4992b181"
          },
          "sensitive_attributes": [],
          "private": "eyJlMmJmYjczMC1lY2FhLTExZTYtOGY4OC0zNDM2M2JjN2M0YzAiOnsiY3JlYXRlIjo2MDAwMDAwMDAwMDAsImRlbGV0ZSI6MTIwMDAwMDAwMDAwMH0sInNjaGVtYV92ZXJzaW9uIjoiMSJ9",
          "dependencies": [
            "module.Network.aws_vpc.asp_main_vpc"
          ]
        }
      ]
    },
    {
      "module": "module.Network",
      "mode": "managed",
      "type": "aws_vpc",
      "name": "asp_main_vpc",
      "provider": "provider[\"registry.terraform.io/hashicorp/aws\"]",
      "instances": [
        {
          "schema_version": 1,
          "attributes": {
            "arn": "arn:aws:ec2:eu-west-1:799061643767:vpc/vpc-0df5d4dae4992b181",
            "assign_generated_ipv6_cidr_block": false,
            "cidr_block": "192.168.0.0/16",
            "default_network_acl_id": "acl-0ee4a0c596e673af9",
            "default_route_table_id": "rtb-0a207224ae079f8f5",
            "default_security_group_id": "sg-0b54c4d2a653c438c",
            "dhcp_options_id": "dopt-0a7a7b01880eb4fc8",
            "enable_classiclink": false,
            "enable_classiclink_dns_support": false,
            "enable_dns_hostnames": false,
            "enable_dns_support": true,
            "id": "vpc-0df5d4dae4992b181",
            "instance_tenancy": "default",
            "ipv4_ipam_pool_id": null,
            "ipv4_netmask_length": null,
            "ipv6_association_id": "",
            "ipv6_cidr_block": "",
            "ipv6_cidr_block_network_border_group": null,
            "ipv6_ipam_pool_id": null,
            "ipv6_netmask_length": null,
            "main_route_table_id": "rtb-0a207224ae079f8f5",
            "owner_id": "799061643767",
            "tags": {
              "Name": "asp_main_vpc"
            },
            "tags_all": {
              "Name": "asp_main_vpc"
            }
          },
          "sensitive_attributes": [],
          "private": "eyJzY2hlbWFfdmVyc2lvbiI6IjEifQ=="
        }
      ]
    }
  ]
}
