{
  "version": 4,
  "terraform_version": "1.1.3",
  "serial": 118,
  "lineage": "bbdccc38-d62d-718e-ff2f-924e176a833f",
  "outputs": {},
  "resources": [
    {
      "module": "module.Network",
      "mode": "managed",
      "type": "aws_internet_gateway",
      "name": "gw",
      "provider": "provider[\"registry.terraform.io/hashicorp/aws\"]",
      "instances": []
    },
    {
      "module": "module.Network",
      "mode": "managed",
      "type": "aws_route_table",
      "name": "asp_private_route",
      "provider": "provider[\"registry.terraform.io/hashicorp/aws\"]",
      "instances": []
    },
    {
      "module": "module.Network",
      "mode": "managed",
      "type": "aws_route_table",
      "name": "asp_public_route",
      "provider": "provider[\"registry.terraform.io/hashicorp/aws\"]",
      "instances": []
    },
    {
      "module": "module.Network",
      "mode": "managed",
      "type": "aws_route_table_association",
      "name": "private-a",
      "provider": "provider[\"registry.terraform.io/hashicorp/aws\"]",
      "instances": []
    },
    {
      "module": "module.Network",
      "mode": "managed",
      "type": "aws_route_table_association",
      "name": "private-b",
      "provider": "provider[\"registry.terraform.io/hashicorp/aws\"]",
      "instances": []
    },
    {
      "module": "module.Network",
      "mode": "managed",
      "type": "aws_route_table_association",
      "name": "public-a",
      "provider": "provider[\"registry.terraform.io/hashicorp/aws\"]",
      "instances": []
    },
    {
      "module": "module.Network",
      "mode": "managed",
      "type": "aws_route_table_association",
      "name": "public-b",
      "provider": "provider[\"registry.terraform.io/hashicorp/aws\"]",
      "instances": []
    },
    {
      "module": "module.Network",
      "mode": "managed",
      "type": "aws_subnet",
      "name": "private_subnet_a",
      "provider": "provider[\"registry.terraform.io/hashicorp/aws\"]",
      "instances": []
    },
    {
      "module": "module.Network",
      "mode": "managed",
      "type": "aws_subnet",
      "name": "private_subnet_b",
      "provider": "provider[\"registry.terraform.io/hashicorp/aws\"]",
      "instances": []
    },
    {
      "module": "module.Network",
      "mode": "managed",
      "type": "aws_subnet",
      "name": "public_subnet_a",
      "provider": "provider[\"registry.terraform.io/hashicorp/aws\"]",
      "instances": []
    },
    {
      "module": "module.Network",
      "mode": "managed",
      "type": "aws_subnet",
      "name": "public_subnet_b",
      "provider": "provider[\"registry.terraform.io/hashicorp/aws\"]",
      "instances": []
    },
    {
      "module": "module.Network",
      "mode": "managed",
      "type": "aws_vpc",
      "name": "asp_main_vpc",
      "provider": "provider[\"registry.terraform.io/hashicorp/aws\"]",
      "instances": []
    },
    {
      "module": "module.Orchestration",
      "mode": "managed",
      "type": "aws_db_instance",
      "name": "mysql_db",
      "provider": "provider[\"registry.terraform.io/hashicorp/aws\"]",
      "instances": []
    },
    {
      "module": "module.Orchestration",
      "mode": "managed",
      "type": "aws_db_subnet_group",
      "name": "db-default",
      "provider": "provider[\"registry.terraform.io/hashicorp/aws\"]",
      "instances": []
    },
    {
      "module": "module.Orchestration",
      "mode": "managed",
      "type": "aws_iam_instance_profile",
      "name": "opswork_instance_profile",
      "provider": "provider[\"registry.terraform.io/hashicorp/aws\"]",
      "instances": [
        {
          "schema_version": 0,
          "attributes": {
            "arn": "arn:aws:iam::799061643767:instance-profile/opswork_instance_profile",
            "create_date": "2022-01-17T20:20:59Z",
            "id": "opswork_instance_profile",
            "name": "opswork_instance_profile",
            "name_prefix": null,
            "path": "/",
            "role": "opswork_instance_role",
            "tags": {},
            "tags_all": {},
            "unique_id": "AIPA3UC6JCH37O3LH2CHZ"
          },
          "sensitive_attributes": [],
          "private": "bnVsbA==",
          "dependencies": [
            "module.Orchestration.aws_iam_role.opswork_instance_role"
          ]
        }
      ]
    },
    {
      "module": "module.Orchestration",
      "mode": "managed",
      "type": "aws_iam_role",
      "name": "opswork_instance_role",
      "provider": "provider[\"registry.terraform.io/hashicorp/aws\"]",
      "instances": [
        {
          "schema_version": 0,
          "attributes": {
            "arn": "arn:aws:iam::799061643767:role/opswork_instance_role",
            "assume_role_policy": "{\"Version\":\"2008-10-17\",\"Statement\":[{\"Sid\":\"StsAssumeRole\",\"Effect\":\"Allow\",\"Principal\":{\"Service\":\"ec2.amazonaws.com\"},\"Action\":\"sts:AssumeRole\"}]}",
            "create_date": "2022-01-17T20:20:57Z",
            "description": "",
            "force_detach_policies": false,
            "id": "opswork_instance_role",
            "inline_policy": [
              {
                "name": "",
                "policy": ""
              }
            ],
            "managed_policy_arns": [],
            "max_session_duration": 3600,
            "name": "opswork_instance_role",
            "name_prefix": "",
            "path": "/",
            "permissions_boundary": null,
            "tags": {},
            "tags_all": {},
            "unique_id": "AROA3UC6JCH3327CBWKKY"
          },
          "sensitive_attributes": [],
          "private": "bnVsbA=="
        }
      ]
    },
    {
      "module": "module.Orchestration",
      "mode": "managed",
      "type": "aws_iam_role",
      "name": "opswork_service_role",
      "provider": "provider[\"registry.terraform.io/hashicorp/aws\"]",
      "instances": [
        {
          "schema_version": 0,
          "attributes": {
            "arn": "arn:aws:iam::799061643767:role/OpsworkServiceRole",
            "assume_role_policy": "{\"Version\":\"2008-10-17\",\"Statement\":[{\"Sid\":\"StsAssumeRole\",\"Effect\":\"Allow\",\"Principal\":{\"Service\":\"opsworks.amazonaws.com\"},\"Action\":\"sts:AssumeRole\"}]}",
            "create_date": "2022-01-17T20:09:20Z",
            "description": "",
            "force_detach_policies": false,
            "id": "OpsworkServiceRole",
            "inline_policy": [
              {
                "name": "",
                "policy": ""
              }
            ],
            "managed_policy_arns": [],
            "max_session_duration": 3600,
            "name": "OpsworkServiceRole",
            "name_prefix": "",
            "path": "/",
            "permissions_boundary": null,
            "tags": {},
            "tags_all": {},
            "unique_id": "AROA3UC6JCH3ZPHIKADBT"
          },
          "sensitive_attributes": [],
          "private": "bnVsbA=="
        }
      ]
    },
    {
      "module": "module.Orchestration",
      "mode": "managed",
      "type": "aws_iam_role_policy_attachment",
      "name": "instance_profile_attach",
      "provider": "provider[\"registry.terraform.io/hashicorp/aws\"]",
      "instances": [
        {
          "schema_version": 0,
          "attributes": {
            "id": "opswork_instance_role-20220129143721815100000001",
            "policy_arn": "arn:aws:iam::aws:policy/AdministratorAccess",
            "role": "opswork_instance_role"
          },
          "sensitive_attributes": [],
          "private": "bnVsbA==",
          "dependencies": [
            "module.Orchestration.aws_iam_role.opswork_instance_role"
          ]
        }
      ]
    },
    {
      "module": "module.Orchestration",
      "mode": "managed",
      "type": "aws_iam_role_policy_attachment",
      "name": "opswork_service_role_policy_attach",
      "provider": "provider[\"registry.terraform.io/hashicorp/aws\"]",
      "instances": [
        {
          "schema_version": 0,
          "attributes": {
            "id": "OpsworkServiceRole-20220129143721821400000002",
            "policy_arn": "arn:aws:iam::aws:policy/AdministratorAccess",
            "role": "OpsworkServiceRole"
          },
          "sensitive_attributes": [],
          "private": "bnVsbA==",
          "dependencies": [
            "module.Orchestration.aws_iam_role.opswork_service_role"
          ]
        }
      ]
    },
    {
      "module": "module.Orchestration",
      "mode": "managed",
      "type": "aws_opsworks_application",
      "name": "api-app",
      "provider": "provider[\"registry.terraform.io/hashicorp/aws\"]",
      "instances": []
    },
    {
      "module": "module.Orchestration",
      "mode": "managed",
      "type": "aws_opsworks_instance",
      "name": "api-instance",
      "provider": "provider[\"registry.terraform.io/hashicorp/aws\"]",
      "instances": []
    },
    {
      "module": "module.Orchestration",
      "mode": "managed",
      "type": "aws_opsworks_instance",
      "name": "web-instance",
      "provider": "provider[\"registry.terraform.io/hashicorp/aws\"]",
      "instances": []
    },
    {
      "module": "module.Orchestration",
      "mode": "managed",
      "type": "aws_opsworks_nodejs_app_layer",
      "name": "asp_app",
      "provider": "provider[\"registry.terraform.io/hashicorp/aws\"]",
      "instances": []
    },
    {
      "module": "module.Orchestration",
      "mode": "managed",
      "type": "aws_opsworks_rds_db_instance",
      "name": "my_db_instance",
      "provider": "provider[\"registry.terraform.io/hashicorp/aws\"]",
      "instances": []
    },
    {
      "module": "module.Orchestration",
      "mode": "managed",
      "type": "aws_opsworks_stack",
      "name": "main",
      "provider": "provider[\"registry.terraform.io/hashicorp/aws\"]",
      "instances": [
        {
          "schema_version": 0,
          "attributes": {
            "agent_version": "3454-20200428034055",
            "arn": "arn:aws:opsworks:us-east-1:799061643767:stack/e822d1ba-0c39-4c00-8f9a-b77d66044e4d/",
            "berkshelf_version": "3.2.0",
            "color": "",
            "configuration_manager_name": "Chef",
            "configuration_manager_version": "11.10",
            "custom_cookbooks_source": [],
            "custom_json": null,
            "default_availability_zone": "us-east-1a",
            "default_instance_profile_arn": "arn:aws:iam::799061643767:instance-profile/opswork_instance_profile",
            "default_os": "Ubuntu 12.04 LTS",
            "default_root_device_type": "instance-store",
            "default_ssh_key_name": "",
            "default_subnet_id": "subnet-0756a7cd04190eab1",
            "hostname_theme": "Layer_Dependent",
            "id": "e822d1ba-0c39-4c00-8f9a-b77d66044e4d",
            "manage_berkshelf": false,
            "name": "ASP-Stack",
            "region": "us-east-1",
            "service_role_arn": "arn:aws:iam::799061643767:role/OpsworkServiceRole",
            "stack_endpoint": "us-east-1",
            "tags": {},
            "tags_all": {},
            "use_custom_cookbooks": false,
            "use_opsworks_security_groups": true,
            "vpc_id": "vpc-0316cbc571dc64ede"
          },
          "sensitive_attributes": [],
          "private": "bnVsbA==",
          "dependencies": [
            "module.Orchestration.aws_iam_instance_profile.opswork_instance_profile",
            "module.Orchestration.aws_iam_role.opswork_instance_role",
            "module.Orchestration.aws_iam_role.opswork_service_role",
            "module.Network.aws_subnet.private_subnet_a",
            "module.Network.aws_vpc.asp_main_vpc"
          ]
        }
      ]
    }
  ]
}
